// !$*UTF8*$!
{
	archiveVersion = 1;
	classes = {
	};
	objectVersion = 56;
	objects = {

/* Begin PBXBuildFile section */
		1A2B3C4D5E6F708192A3B4C5 /* Sources/Core/Localization.swift in Sources */ = {isa = PBXBuildFile; fileRef = 1A2B3C4D5E6F708192A3B4C4 /* Sources/Core/Localization.swift */; };
		1A2B3C4D5E6F708192A3B4C6 /* Sources/Core/Localization.swift in Sources */ = {isa = PBXBuildFile; fileRef = 1A2B3C4D5E6F708192A3B4C4 /* Sources/Core/Localization.swift */; };
		1A2B3C4D5E6F708192A3B4C7 /* Sources/Core/Localizable.xcstrings in Resources */ = {isa = PBXBuildFile; fileRef = 1A2B3C4D5E6F708192A3B4C8 /* Sources/Core/Localizable.xcstrings */; };
		1A2B3C4D5E6F708192A3B4C9 /* Sources/Core/Localizable.xcstrings in Resources */ = {isa = PBXBuildFile; fileRef = 1A2B3C4D5E6F708192A3B4C8 /* Sources/Core/Localizable.xcstrings */; };
		C0A100000000000000000001 /* Sources/Core/MacHealthEngine.swift in Sources */ = {isa = PBXBuildFile; fileRef = C0A100000000000000000002 /* Sources/Core/MacHealthEngine.swift */; };
		C0A100000000000000000003 /* Sources/MacPulse/MacHealthView.swift in Sources */ = {isa = PBXBuildFile; fileRef = C0A100000000000000000004 /* Sources/MacPulse/MacHealthView.swift */; };
		C0A100000000000000000005 /* Tests/MacHealthEngineTests.swift in Sources */ = {isa = PBXBuildFile; fileRef = C0A100000000000000000006 /* Tests/MacHealthEngineTests.swift */; };
		A1B2C3D4E5F60718293A4B5E /* Sources/Core/ProcessMonitoring.swift in Sources */ = {isa = PBXBuildFile; fileRef = A1B2C3D4E5F60718293A4B5C /* Sources/Core/ProcessMonitoring.swift */; };
		A1B2C3D4E5F60718293A4B5F /* Sources/MacPulse/ProcessesView.swift in Sources */ = {isa = PBXBuildFile; fileRef = A1B2C3D4E5F60718293A4B5D /* Sources/MacPulse/ProcessesView.swift */; };
		A1B2C3D4E5F60718293A4B60 /* Sources/Core/BatteryAnalytics.swift in Sources */ = {isa = PBXBuildFile; fileRef = A1B2C3D4E5F60718293A4B61 /* Sources/Core/BatteryAnalytics.swift */; };
		A1B2C3D4E5F60718293A4B64 /* Sources/Core/ANEAnalytics.swift in Sources */ = {isa = PBXBuildFile; fileRef = A1B2C3D4E5F60718293A4B65 /* Sources/Core/ANEAnalytics.swift */; };
		A1B2C3D4E5F60718293A4B62 /* Sources/MacPulse/BatteryView.swift in Sources */ = {isa = PBXBuildFile; fileRef = A1B2C3D4E5F60718293A4B63 /* Sources/MacPulse/BatteryView.swift */; };
		A1B2C3D4E5F60718293A4B66 /* Sources/MacPulse/NeuralEngineView.swift in Sources */ = {isa = PBXBuildFile; fileRef = A1B2C3D4E5F60718293A4B67 /* Sources/MacPulse/NeuralEngineView.swift */; };
		044071864FCE90ACB57DF431 /* Sources/MacPulse/SettingsView.swift in Sources */ = {isa = PBXBuildFile; fileRef = AB551C6FEBAA8BDE5B2604C3 /* Sources/MacPulse/SettingsView.swift */; };
		05DA39414C0243591CD15ABA /* Sources/MacPulse/AlertEngine.swift in Sources */ = {isa = PBXBuildFile; fileRef = 8924F705A6156FE603E39785 /* Sources/MacPulse/AlertEngine.swift */; };
		14C7B1AFCFF016929525853A /* Sources/Widget/MacPulseWidget.swift in Sources */ = {isa = PBXBuildFile; fileRef = 0B8ECAE7000FC7B897DEA94D /* Sources/Widget/MacPulseWidget.swift */; };
		4CB45A28A2072EE2353C8F3E /* Sources/PrivateSensors/MPNativeSensors.m in Sources */ = {isa = PBXBuildFile; fileRef = A757410378AC3A0A442B4D53 /* Sources/PrivateSensors/MPNativeSensors.m */; };
		54FF40080519482A78A21570 /* Sources/MacPulse/Preferences.swift in Sources */ = {isa = PBXBuildFile; fileRef = 702002659DAF42ECACB64043 /* Sources/MacPulse/Preferences.swift */; };
		5D393A4EEAFAAE7A7027F57C /* Sources/MacPulse/MacPulse.icns in Resources */ = {isa = PBXBuildFile; fileRef = 6D387D7D0D190AE9256394A0 /* Sources/MacPulse/MacPulse.icns */; };
		7360B5A8B006BE51C6309B81 /* Sources/Core/WidgetSnapshot.swift in Sources */ = {isa = PBXBuildFile; fileRef = 4FAF38FB4A6F534BE9B11C82 /* Sources/Core/WidgetSnapshot.swift */; };
		89B4AA4C1D47D64E604897C7 /* Sources/MacPulse/StatusBarController.swift in Sources */ = {isa = PBXBuildFile; fileRef = BF2EE1ADE4585349E477FD2C /* Sources/MacPulse/StatusBarController.swift */; };
		94288F304221786209FC7178 /* Sources/Core/Metrics.swift in Sources */ = {isa = PBXBuildFile; fileRef = A14A213F7A2E8C7D926DCAFD /* Sources/Core/Metrics.swift */; };
		B688E66409A86CAF35DF9BF1 /* Sources/Core/WidgetSnapshot.swift in Sources */ = {isa = PBXBuildFile; fileRef = 4FAF38FB4A6F534BE9B11C82 /* Sources/Core/WidgetSnapshot.swift */; };
		B7297A3C51E52FB648585C48 /* Sources/MacPulse/Dashboard.swift in Sources */ = {isa = PBXBuildFile; fileRef = 24791D2A1283135B5C64FDCD /* Sources/MacPulse/Dashboard.swift */; };
		D009DF503C6C450BEFAF111E /* Sources/MacPulse/MacPulseApp.swift in Sources */ = {isa = PBXBuildFile; fileRef = 4D6FE94D4B5229BFC587715C /* Sources/MacPulse/MacPulseApp.swift */; };
		D72A9EA4DE4A2D8F760EAF8B /* Sources/PrivateSensors/MPNetworkCounters.m in Sources */ = {isa = PBXBuildFile; fileRef = 04E460760F08344CF93982B0 /* Sources/PrivateSensors/MPNetworkCounters.m */; };
		E17E84C248863E08DF2FEF57 /* Tests/MacPulseTests.swift in Sources */ = {isa = PBXBuildFile; fileRef = 21C98695636661D9CF2AFE37 /* Tests/MacPulseTests.swift */; };
		F533C7551EAFD67FC6932C8B /* Sources/MacPulse/SamplingEngine.swift in Sources */ = {isa = PBXBuildFile; fileRef = 17567B3FB45AD3835E559BDB /* Sources/MacPulse/SamplingEngine.swift */; };
		F9F2B524F961A2AF392D92CB /* MacPulseWidget.appex in Embed App Extensions */ = {isa = PBXBuildFile; fileRef = 03B9AB09A35384595FAE95F2 /* MacPulseWidget.appex */; settings = {ATTRIBUTES = (RemoveHeadersOnCopy, ); }; };
/* End PBXBuildFile section */

/* Begin PBXContainerItemProxy section */
		8DE6FE3A5F4F5546362B2B0A /* PBXContainerItemProxy */ = {
			isa = PBXContainerItemProxy;
			containerPortal = 98F54143AB4E86B28C3AFEE0 /* Project object */;
			proxyType = 1;
			remoteGlobalIDString = 3B4C69D125382937CA23C158;
			remoteInfo = MacPulseWidget;
		};
		BE5B8B4716A85C69561C64C4 /* PBXContainerItemProxy */ = {
			isa = PBXContainerItemProxy;
			containerPortal = 98F54143AB4E86B28C3AFEE0 /* Project object */;
			proxyType = 1;
			remoteGlobalIDString = 5722E188702028143643EFEA;
			remoteInfo = MacPulse;
		};
/* End PBXContainerItemProxy section */

/* Begin PBXCopyFilesBuildPhase section */
		FB1EA9F939ACC40B6A74BC43 /* Embed App Extensions */ = {
			isa = PBXCopyFilesBuildPhase;
			buildActionMask = 2147483647;
			dstPath = "";
			dstSubfolderSpec = 13;
			files = (
				F9F2B524F961A2AF392D92CB /* MacPulseWidget.appex in Embed App Extensions */,
			);
			name = "Embed App Extensions";
			runOnlyForDeploymentPostprocessing = 0;
		};
/* End PBXCopyFilesBuildPhase section */

/* Begin PBXFileReference section */
		1A2B3C4D5E6F708192A3B4C4 /* Sources/Core/Localization.swift */ = {isa = PBXFileReference; lastKnownFileType = sourcecode.swift; path = Sources/Core/Localization.swift; sourceTree = "<group>"; };
		1A2B3C4D5E6F708192A3B4C8 /* Sources/Core/Localizable.xcstrings */ = {isa = PBXFileReference; lastKnownFileType = text.json.xcstrings; path = Sources/Core/Localizable.xcstrings; sourceTree = "<group>"; };
		C0A100000000000000000002 /* Sources/Core/MacHealthEngine.swift */ = {isa = PBXFileReference; lastKnownFileType = sourcecode.swift; path = Sources/Core/MacHealthEngine.swift; sourceTree = "<group>"; };
		C0A100000000000000000004 /* Sources/MacPulse/MacHealthView.swift */ = {isa = PBXFileReference; lastKnownFileType = sourcecode.swift; path = Sources/MacPulse/MacHealthView.swift; sourceTree = "<group>"; };
		C0A100000000000000000006 /* Tests/MacHealthEngineTests.swift */ = {isa = PBXFileReference; lastKnownFileType = sourcecode.swift; path = Tests/MacHealthEngineTests.swift; sourceTree = "<group>"; };
		A1B2C3D4E5F60718293A4B5C /* Sources/Core/ProcessMonitoring.swift */ = {isa = PBXFileReference; lastKnownFileType = sourcecode.swift; path = Sources/Core/ProcessMonitoring.swift; sourceTree = "<group>"; };
		A1B2C3D4E5F60718293A4B5D /* Sources/MacPulse/ProcessesView.swift */ = {isa = PBXFileReference; lastKnownFileType = sourcecode.swift; path = Sources/MacPulse/ProcessesView.swift; sourceTree = "<group>"; };
		A1B2C3D4E5F60718293A4B61 /* Sources/Core/BatteryAnalytics.swift */ = {isa = PBXFileReference; lastKnownFileType = sourcecode.swift; path = Sources/Core/BatteryAnalytics.swift; sourceTree = "<group>"; };
		A1B2C3D4E5F60718293A4B65 /* Sources/Core/ANEAnalytics.swift */ = {isa = PBXFileReference; lastKnownFileType = sourcecode.swift; path = Sources/Core/ANEAnalytics.swift; sourceTree = "<group>"; };
		A1B2C3D4E5F60718293A4B63 /* Sources/MacPulse/BatteryView.swift */ = {isa = PBXFileReference; lastKnownFileType = sourcecode.swift; path = Sources/MacPulse/BatteryView.swift; sourceTree = "<group>"; };
		A1B2C3D4E5F60718293A4B67 /* Sources/MacPulse/NeuralEngineView.swift */ = {isa = PBXFileReference; lastKnownFileType = sourcecode.swift; path = Sources/MacPulse/NeuralEngineView.swift; sourceTree = "<group>"; };
		03B9AB09A35384595FAE95F2 /* MacPulseWidget.appex */ = {isa = PBXFileReference; explicitFileType = "wrapper.app-extension"; includeInIndex = 0; path = MacPulseWidget.appex; sourceTree = BUILT_PRODUCTS_DIR; };
		04E460760F08344CF93982B0 /* Sources/PrivateSensors/MPNetworkCounters.m */ = {isa = PBXFileReference; lastKnownFileType = sourcecode.c.objc; path = Sources/PrivateSensors/MPNetworkCounters.m; sourceTree = "<group>"; };
		0B8ECAE7000FC7B897DEA94D /* Sources/Widget/MacPulseWidget.swift */ = {isa = PBXFileReference; lastKnownFileType = sourcecode.swift; path = Sources/Widget/MacPulseWidget.swift; sourceTree = "<group>"; };
		17567B3FB45AD3835E559BDB /* Sources/MacPulse/SamplingEngine.swift */ = {isa = PBXFileReference; lastKnownFileType = sourcecode.swift; path = Sources/MacPulse/SamplingEngine.swift; sourceTree = "<group>"; };
		21C98695636661D9CF2AFE37 /* Tests/MacPulseTests.swift */ = {isa = PBXFileReference; lastKnownFileType = sourcecode.swift; path = Tests/MacPulseTests.swift; sourceTree = "<group>"; };
		24791D2A1283135B5C64FDCD /* Sources/MacPulse/Dashboard.swift */ = {isa = PBXFileReference; lastKnownFileType = sourcecode.swift; path = Sources/MacPulse/Dashboard.swift; sourceTree = "<group>"; };
		4D6FE94D4B5229BFC587715C /* Sources/MacPulse/MacPulseApp.swift */ = {isa = PBXFileReference; lastKnownFileType = sourcecode.swift; path = Sources/MacPulse/MacPulseApp.swift; sourceTree = "<group>"; };
		4FAF38FB4A6F534BE9B11C82 /* Sources/Core/WidgetSnapshot.swift */ = {isa = PBXFileReference; lastKnownFileType = sourcecode.swift; path = Sources/Core/WidgetSnapshot.swift; sourceTree = "<group>"; };
		64F21A858607D084D6A92378 /* Sources/PrivateSensors/MPNativeSensors.h */ = {isa = PBXFileReference; lastKnownFileType = sourcecode.c.h; path = Sources/PrivateSensors/MPNativeSensors.h; sourceTree = "<group>"; };
		6C343503AC26A0A8CA1F6C38 /* Sources/PrivateSensors/MPNetworkCounters.h */ = {isa = PBXFileReference; lastKnownFileType = sourcecode.c.h; path = Sources/PrivateSensors/MPNetworkCounters.h; sourceTree = "<group>"; };
		6D387D7D0D190AE9256394A0 /* Sources/MacPulse/MacPulse.icns */ = {isa = PBXFileReference; lastKnownFileType = image.icns; path = Sources/MacPulse/MacPulse.icns; sourceTree = "<group>"; };
		702002659DAF42ECACB64043 /* Sources/MacPulse/Preferences.swift */ = {isa = PBXFileReference; lastKnownFileType = sourcecode.swift; path = Sources/MacPulse/Preferences.swift; sourceTree = "<group>"; };
		7DBFE819264B8A8C665B8687 /* MacPulseTests.xctest */ = {isa = PBXFileReference; explicitFileType = wrapper.cfbundle; includeInIndex = 0; path = MacPulseTests.xctest; sourceTree = BUILT_PRODUCTS_DIR; };
		8924F705A6156FE603E39785 /* Sources/MacPulse/AlertEngine.swift */ = {isa = PBXFileReference; lastKnownFileType = sourcecode.swift; path = Sources/MacPulse/AlertEngine.swift; sourceTree = "<group>"; };
		A14A213F7A2E8C7D926DCAFD /* Sources/Core/Metrics.swift */ = {isa = PBXFileReference; lastKnownFileType = sourcecode.swift; path = Sources/Core/Metrics.swift; sourceTree = "<group>"; };
		A757410378AC3A0A442B4D53 /* Sources/PrivateSensors/MPNativeSensors.m */ = {isa = PBXFileReference; lastKnownFileType = sourcecode.c.objc; path = Sources/PrivateSensors/MPNativeSensors.m; sourceTree = "<group>"; };
		AB551C6FEBAA8BDE5B2604C3 /* Sources/MacPulse/SettingsView.swift */ = {isa = PBXFileReference; lastKnownFileType = sourcecode.swift; path = Sources/MacPulse/SettingsView.swift; sourceTree = "<group>"; };
		BF2EE1ADE4585349E477FD2C /* Sources/MacPulse/StatusBarController.swift */ = {isa = PBXFileReference; lastKnownFileType = sourcecode.swift; path = Sources/MacPulse/StatusBarController.swift; sourceTree = "<group>"; };
		D3AB8BD4FE512408B961C8D8 /* MacPulse.app */ = {isa = PBXFileReference; explicitFileType = wrapper.application; includeInIndex = 0; path = MacPulse.app; sourceTree = BUILT_PRODUCTS_DIR; };
/* End PBXFileReference section */

/* Begin PBXFrameworksBuildPhase section */
		9B3AE2D19A0961C1BBD76617 /* Frameworks */ = {
			isa = PBXFrameworksBuildPhase;
			buildActionMask = 2147483647;
			files = (
			);
			runOnlyForDeploymentPostprocessing = 0;
		};
		D566F8876BB376F2391FF2C6 /* Frameworks */ = {
			isa = PBXFrameworksBuildPhase;
			buildActionMask = 2147483647;
			files = (
			);
			runOnlyForDeploymentPostprocessing = 0;
		};
		E5D3C83032699AF81317670F /* Frameworks */ = {
			isa = PBXFrameworksBuildPhase;
			buildActionMask = 2147483647;
			files = (
			);
			runOnlyForDeploymentPostprocessing = 0;
		};
/* End PBXFrameworksBuildPhase section */

/* Begin PBXGroup section */
		64292B1C2B2E13EAD8788FC8 = {
			isa = PBXGroup;
			children = (
				1A2B3C4D5E6F708192A3B4C4 /* Sources/Core/Localization.swift */,
				1A2B3C4D5E6F708192A3B4C8 /* Sources/Core/Localizable.xcstrings */,
				C0A100000000000000000002 /* Sources/Core/MacHealthEngine.swift */,
				A1B2C3D4E5F60718293A4B5C /* Sources/Core/ProcessMonitoring.swift */,
				A1B2C3D4E5F60718293A4B61 /* Sources/Core/BatteryAnalytics.swift */,
				A1B2C3D4E5F60718293A4B65 /* Sources/Core/ANEAnalytics.swift */,
				A14A213F7A2E8C7D926DCAFD /* Sources/Core/Metrics.swift */,
				4FAF38FB4A6F534BE9B11C82 /* Sources/Core/WidgetSnapshot.swift */,
				8924F705A6156FE603E39785 /* Sources/MacPulse/AlertEngine.swift */,
				24791D2A1283135B5C64FDCD /* Sources/MacPulse/Dashboard.swift */,
				C0A100000000000000000004 /* Sources/MacPulse/MacHealthView.swift */,
				A1B2C3D4E5F60718293A4B5D /* Sources/MacPulse/ProcessesView.swift */,
				A1B2C3D4E5F60718293A4B63 /* Sources/MacPulse/BatteryView.swift */,
				A1B2C3D4E5F60718293A4B67 /* Sources/MacPulse/NeuralEngineView.swift */,
				6D387D7D0D190AE9256394A0 /* Sources/MacPulse/MacPulse.icns */,
				4D6FE94D4B5229BFC587715C /* Sources/MacPulse/MacPulseApp.swift */,
				702002659DAF42ECACB64043 /* Sources/MacPulse/Preferences.swift */,
				17567B3FB45AD3835E559BDB /* Sources/MacPulse/SamplingEngine.swift */,
				AB551C6FEBAA8BDE5B2604C3 /* Sources/MacPulse/SettingsView.swift */,
				BF2EE1ADE4585349E477FD2C /* Sources/MacPulse/StatusBarController.swift */,
				64F21A858607D084D6A92378 /* Sources/PrivateSensors/MPNativeSensors.h */,
				A757410378AC3A0A442B4D53 /* Sources/PrivateSensors/MPNativeSensors.m */,
				6C343503AC26A0A8CA1F6C38 /* Sources/PrivateSensors/MPNetworkCounters.h */,
				04E460760F08344CF93982B0 /* Sources/PrivateSensors/MPNetworkCounters.m */,
				0B8ECAE7000FC7B897DEA94D /* Sources/Widget/MacPulseWidget.swift */,
				21C98695636661D9CF2AFE37 /* Tests/MacPulseTests.swift */,
				C0A100000000000000000006 /* Tests/MacHealthEngineTests.swift */,
				FBDC4F23F93125BBEEAE800C /* Products */,
			);
			sourceTree = "<group>";
		};
		FBDC4F23F93125BBEEAE800C /* Products */ = {
			isa = PBXGroup;
			children = (
				D3AB8BD4FE512408B961C8D8 /* MacPulse.app */,
				03B9AB09A35384595FAE95F2 /* MacPulseWidget.appex */,
				7DBFE819264B8A8C665B8687 /* MacPulseTests.xctest */,
			);
			name = Products;
			sourceTree = "<group>";
		};
/* End PBXGroup section */

/* Begin PBXNativeTarget section */
		3B4C69D125382937CA23C158 /* MacPulseWidget */ = {
			isa = PBXNativeTarget;
			buildConfigurationList = 46DC10C63768291538391986 /* Build configuration list for PBXNativeTarget "MacPulseWidget" */;
			buildPhases = (
				53F9DAA8D370B5F6E112957F /* Sources */,
				E5D3C83032699AF81317670F /* Frameworks */,
				E0C77716FE045196B1E1C8E4 /* Resources */,
			);
			buildRules = (
			);
			dependencies = (
			);
			name = MacPulseWidget;
			productName = MacPulseWidget;
			productReference = 03B9AB09A35384595FAE95F2 /* MacPulseWidget.appex */;
			productType = "com.apple.product-type.app-extension";
		};
		5722E188702028143643EFEA /* MacPulse */ = {
			isa = PBXNativeTarget;
			buildConfigurationList = DEDD91037AB1BA3C5405E781 /* Build configuration list for PBXNativeTarget "MacPulse" */;
			buildPhases = (
				4B8DBBBA48850D05BC4CDAD7 /* Sources */,
				D566F8876BB376F2391FF2C6 /* Frameworks */,
				4CA22A5EB0F5BC2829FCC080 /* Resources */,
				FB1EA9F939ACC40B6A74BC43 /* Embed App Extensions */,
			);
			buildRules = (
			);
			dependencies = (
				5C9E0DD04CF18C53CF8B87D7 /* PBXTargetDependency */,
			);
			name = MacPulse;
			productName = MacPulse;
			productReference = D3AB8BD4FE512408B961C8D8 /* MacPulse.app */;
			productType = "com.apple.product-type.application";
		};
		B7FA8CBE652EB861C00AB9D7 /* MacPulseTests */ = {
			isa = PBXNativeTarget;
			buildConfigurationList = 2C167D71EBFFB74A45B78249 /* Build configuration list for PBXNativeTarget "MacPulseTests" */;
			buildPhases = (
				21BC417A56ED2865F5536CE4 /* Sources */,
				9B3AE2D19A0961C1BBD76617 /* Frameworks */,
				F685BBB91044F1E70ED49198 /* Resources */,
			);
			buildRules = (
			);
			dependencies = (
				41CF25FD2631526F8C51ED35 /* PBXTargetDependency */,
			);
			name = MacPulseTests;
			productName = MacPulseTests;
			productReference = 7DBFE819264B8A8C665B8687 /* MacPulseTests.xctest */;
			productType = "com.apple.product-type.bundle.unit-test";
		};
/* End PBXNativeTarget section */

/* Begin PBXProject section */
		98F54143AB4E86B28C3AFEE0 /* Project object */ = {
			isa = PBXProject;
			attributes = {
				BuildIndependentTargetsInParallel = YES;
				LastUpgradeCheck = 2660;
			};
			buildConfigurationList = 862894B703A6DEDF96A9DD6C /* Build configuration list for PBXProject "MacPulse" */;
			compatibilityVersion = "Xcode 14.0";
			developmentRegion = en;
			hasScannedForEncodings = 0;
			knownRegions = (
				en,
				Base,
				ru,
			);
			mainGroup = 64292B1C2B2E13EAD8788FC8;
			productRefGroup = FBDC4F23F93125BBEEAE800C /* Products */;
			projectDirPath = "";
			projectRoot = "";
			targets = (
				5722E188702028143643EFEA /* MacPulse */,
				3B4C69D125382937CA23C158 /* MacPulseWidget */,
				B7FA8CBE652EB861C00AB9D7 /* MacPulseTests */,
			);
		};
/* End PBXProject section */

/* Begin PBXResourcesBuildPhase section */
		4CA22A5EB0F5BC2829FCC080 /* Resources */ = {
			isa = PBXResourcesBuildPhase;
			buildActionMask = 2147483647;
			files = (
				5D393A4EEAFAAE7A7027F57C /* Sources/MacPulse/MacPulse.icns in Resources */,
				1A2B3C4D5E6F708192A3B4C7 /* Sources/Core/Localizable.xcstrings in Resources */,
			);
			runOnlyForDeploymentPostprocessing = 0;
		};
		E0C77716FE045196B1E1C8E4 /* Resources */ = {
			isa = PBXResourcesBuildPhase;
			buildActionMask = 2147483647;
			files = (
				1A2B3C4D5E6F708192A3B4C9 /* Sources/Core/Localizable.xcstrings in Resources */,
			);
			runOnlyForDeploymentPostprocessing = 0;
		};
		F685BBB91044F1E70ED49198 /* Resources */ = {
			isa = PBXResourcesBuildPhase;
			buildActionMask = 2147483647;
			files = (
			);
			runOnlyForDeploymentPostprocessing = 0;
		};
/* End PBXResourcesBuildPhase section */

/* Begin PBXSourcesBuildPhase section */
		21BC417A56ED2865F5536CE4 /* Sources */ = {
			isa = PBXSourcesBuildPhase;
			buildActionMask = 2147483647;
			files = (
				E17E84C248863E08DF2FEF57 /* Tests/MacPulseTests.swift in Sources */,
				C0A100000000000000000005 /* Tests/MacHealthEngineTests.swift in Sources */,
			);
			runOnlyForDeploymentPostprocessing = 0;
		};
		4B8DBBBA48850D05BC4CDAD7 /* Sources */ = {
			isa = PBXSourcesBuildPhase;
			buildActionMask = 2147483647;
			files = (
				94288F304221786209FC7178 /* Sources/Core/Metrics.swift in Sources */,
				C0A100000000000000000001 /* Sources/Core/MacHealthEngine.swift in Sources */,
				A1B2C3D4E5F60718293A4B5E /* Sources/Core/ProcessMonitoring.swift in Sources */,
				A1B2C3D4E5F60718293A4B60 /* Sources/Core/BatteryAnalytics.swift in Sources */,
				A1B2C3D4E5F60718293A4B64 /* Sources/Core/ANEAnalytics.swift in Sources */,
				1A2B3C4D5E6F708192A3B4C5 /* Sources/Core/Localization.swift in Sources */,
				7360B5A8B006BE51C6309B81 /* Sources/Core/WidgetSnapshot.swift in Sources */,
				05DA39414C0243591CD15ABA /* Sources/MacPulse/AlertEngine.swift in Sources */,
				B7297A3C51E52FB648585C48 /* Sources/MacPulse/Dashboard.swift in Sources */,
				C0A100000000000000000003 /* Sources/MacPulse/MacHealthView.swift in Sources */,
				A1B2C3D4E5F60718293A4B5F /* Sources/MacPulse/ProcessesView.swift in Sources */,
				A1B2C3D4E5F60718293A4B62 /* Sources/MacPulse/BatteryView.swift in Sources */,
				A1B2C3D4E5F60718293A4B66 /* Sources/MacPulse/NeuralEngineView.swift in Sources */,
				D009DF503C6C450BEFAF111E /* Sources/MacPulse/MacPulseApp.swift in Sources */,
				54FF40080519482A78A21570 /* Sources/MacPulse/Preferences.swift in Sources */,
				F533C7551EAFD67FC6932C8B /* Sources/MacPulse/SamplingEngine.swift in Sources */,
				044071864FCE90ACB57DF431 /* Sources/MacPulse/SettingsView.swift in Sources */,
				89B4AA4C1D47D64E604897C7 /* Sources/MacPulse/StatusBarController.swift in Sources */,
				4CB45A28A2072EE2353C8F3E /* Sources/PrivateSensors/MPNativeSensors.m in Sources */,
				D72A9EA4DE4A2D8F760EAF8B /* Sources/PrivateSensors/MPNetworkCounters.m in Sources */,
			);
			runOnlyForDeploymentPostprocessing = 0;
		};
		53F9DAA8D370B5F6E112957F /* Sources */ = {
			isa = PBXSourcesBuildPhase;
			buildActionMask = 2147483647;
			files = (
				14C7B1AFCFF016929525853A /* Sources/Widget/MacPulseWidget.swift in Sources */,
				1A2B3C4D5E6F708192A3B4C6 /* Sources/Core/Localization.swift in Sources */,
				B688E66409A86CAF35DF9BF1 /* Sources/Core/WidgetSnapshot.swift in Sources */,
			);
			runOnlyForDeploymentPostprocessing = 0;
		};
/* End PBXSourcesBuildPhase section */

/* Begin PBXTargetDependency section */
		41CF25FD2631526F8C51ED35 /* PBXTargetDependency */ = {
			isa = PBXTargetDependency;
			target = 5722E188702028143643EFEA /* MacPulse */;
			targetProxy = BE5B8B4716A85C69561C64C4 /* PBXContainerItemProxy */;
		};
		5C9E0DD04CF18C53CF8B87D7 /* PBXTargetDependency */ = {
			isa = PBXTargetDependency;
			target = 3B4C69D125382937CA23C158 /* MacPulseWidget */;
			targetProxy = 8DE6FE3A5F4F5546362B2B0A /* PBXContainerItemProxy */;
		};
/* End PBXTargetDependency section */

/* Begin XCBuildConfiguration section */
		1DFD5EF4BB27F9D2C770B77F /* Release */ = {
			isa = XCBuildConfiguration;
			buildSettings = {
				CLANG_ENABLE_MODULES = YES;
				CLANG_ENABLE_OBJC_ARC = YES;
				CODE_SIGNING_ALLOWED = YES;
				CODE_SIGN_ENTITLEMENTS = Sources/MacPulse/Local.entitlements;
				CODE_SIGN_IDENTITY = "-";
				CODE_SIGN_STYLE = Manual;
				COMBINE_HIDPI_IMAGES = YES;
				CURRENT_PROJECT_VERSION = 1;
				DEBUG_INFORMATION_FORMAT = "dwarf-with-dsym";
				ENABLE_DEBUG_DYLIB = NO;
				ENABLE_HARDENED_RUNTIME = YES;
				ENABLE_TESTABILITY = YES;
				ENABLE_USER_SCRIPT_SANDBOXING = YES;
				GCC_C_LANGUAGE_STANDARD = gnu17;
				GCC_OPTIMIZATION_LEVEL = s;
				GENERATE_INFOPLIST_FILE = YES;
				INFOPLIST_FILE = Sources/MacPulse/Info.plist;
				INFOPLIST_KEY_CFBundleDisplayName = MacPulse;
				INFOPLIST_KEY_CFBundleIconFile = MacPulse;
				INFOPLIST_KEY_LSApplicationCategoryType = "public.app-category.utilities";
				INFOPLIST_KEY_NSPrincipalClass = NSApplication;
				LD_RUNPATH_SEARCH_PATHS = (
					"$(inherited)",
					"@executable_path/../Frameworks",
				);
				MACOSX_DEPLOYMENT_TARGET = 14.0;
				MARKETING_VERSION = 1.0.0;
				ONLY_ACTIVE_ARCH = NO;
				PRODUCT_BUNDLE_IDENTIFIER = local.macpulse.MacPulse;
				PRODUCT_NAME = "$(TARGET_NAME)";
				SDKROOT = macosx;
				SWIFT_ACTIVE_COMPILATION_CONDITIONS = "";
				SWIFT_EMIT_LOC_STRINGS = YES;
				SWIFT_OBJC_BRIDGING_HEADER = Sources/PrivateSensors/MPNativeSensors.h;
				SWIFT_OPTIMIZATION_LEVEL = "-O";
				SWIFT_STRICT_CONCURRENCY = targeted;
				SWIFT_VERSION = 5.0;
			};
			name = Release;
		};
		302AA4631496F9467FD339DF /* Debug */ = {
			isa = XCBuildConfiguration;
			buildSettings = {
				BUNDLE_LOADER = "$(TEST_HOST)";
				CLANG_ENABLE_MODULES = YES;
				CLANG_ENABLE_OBJC_ARC = YES;
				CODE_SIGNING_ALLOWED = YES;
				CODE_SIGN_IDENTITY = "-";
				CODE_SIGN_STYLE = Manual;
				COMBINE_HIDPI_IMAGES = YES;
				CURRENT_PROJECT_VERSION = 1;
				DEBUG_INFORMATION_FORMAT = dwarf;
				ENABLE_DEBUG_DYLIB = NO;
				ENABLE_HARDENED_RUNTIME = NO;
				ENABLE_TESTABILITY = YES;
				ENABLE_USER_SCRIPT_SANDBOXING = YES;
				GCC_C_LANGUAGE_STANDARD = gnu17;
				GCC_OPTIMIZATION_LEVEL = 0;
				GENERATE_INFOPLIST_FILE = YES;
				LD_RUNPATH_SEARCH_PATHS = (
					"$(inherited)",
					"@executable_path/../Frameworks",
				);
				MACOSX_DEPLOYMENT_TARGET = 14.0;
				MARKETING_VERSION = 1.0.0;
				ONLY_ACTIVE_ARCH = YES;
				PRODUCT_BUNDLE_IDENTIFIER = local.macpulse.MacPulseTests;
				PRODUCT_NAME = "$(TARGET_NAME)";
				SDKROOT = macosx;
				SWIFT_ACTIVE_COMPILATION_CONDITIONS = DEBUG;
				SWIFT_EMIT_LOC_STRINGS = YES;
				SWIFT_OBJC_BRIDGING_HEADER = Sources/PrivateSensors/MPNativeSensors.h;
				SWIFT_OPTIMIZATION_LEVEL = "-Onone";
				SWIFT_STRICT_CONCURRENCY = targeted;
				SWIFT_VERSION = 5.0;
				TEST_HOST = "$(BUILT_PRODUCTS_DIR)/MacPulse.app/Contents/MacOS/MacPulse";
			};
			name = Debug;
		};
		4AC9A98F969FFE82F604A5D7 /* Release */ = {
			isa = XCBuildConfiguration;
			buildSettings = {
				APPLICATION_EXTENSION_API_ONLY = YES;
				CLANG_ENABLE_MODULES = YES;
				CLANG_ENABLE_OBJC_ARC = YES;
				CODE_SIGNING_ALLOWED = YES;
				CODE_SIGN_ENTITLEMENTS = Sources/Widget/Local.entitlements;
				CODE_SIGN_IDENTITY = "-";
				CODE_SIGN_STYLE = Manual;
				COMBINE_HIDPI_IMAGES = YES;
				CURRENT_PROJECT_VERSION = 1;
				DEBUG_INFORMATION_FORMAT = "dwarf-with-dsym";
				ENABLE_DEBUG_DYLIB = NO;
				ENABLE_HARDENED_RUNTIME = YES;
				ENABLE_TESTABILITY = YES;
				ENABLE_USER_SCRIPT_SANDBOXING = YES;
				GCC_C_LANGUAGE_STANDARD = gnu17;
				GCC_OPTIMIZATION_LEVEL = s;
				GENERATE_INFOPLIST_FILE = YES;
				INFOPLIST_FILE = Sources/Widget/Info.plist;
				LD_RUNPATH_SEARCH_PATHS = (
					"$(inherited)",
					"@executable_path/../Frameworks",
					"@executable_path/../../../../Frameworks",
				);
				MACOSX_DEPLOYMENT_TARGET = 14.0;
				MARKETING_VERSION = 1.0.0;
				ONLY_ACTIVE_ARCH = NO;
				PRODUCT_BUNDLE_IDENTIFIER = local.macpulse.MacPulse.Widget;
				PRODUCT_NAME = "$(TARGET_NAME)";
				SDKROOT = macosx;
				SKIP_INSTALL = YES;
				SWIFT_ACTIVE_COMPILATION_CONDITIONS = "";
				SWIFT_EMIT_LOC_STRINGS = YES;
				SWIFT_OPTIMIZATION_LEVEL = "-O";
				SWIFT_STRICT_CONCURRENCY = targeted;
				SWIFT_VERSION = 5.0;
			};
			name = Release;
		};
		6E84B02088F6ED3FFCDB7030 /* Signed Debug */ = {
			isa = XCBuildConfiguration;
			buildSettings = {
				CLANG_ENABLE_MODULES = YES;
				CLANG_ENABLE_OBJC_ARC = YES;
				CODE_SIGNING_ALLOWED = YES;
				CODE_SIGN_IDENTITY = "Apple Development";
				CODE_SIGN_STYLE = Automatic;
				COMBINE_HIDPI_IMAGES = YES;
				CURRENT_PROJECT_VERSION = 1;
				DEBUG_INFORMATION_FORMAT = "dwarf-with-dsym";
				ENABLE_DEBUG_DYLIB = NO;
				ENABLE_TESTABILITY = YES;
				ENABLE_USER_SCRIPT_SANDBOXING = YES;
				GCC_C_LANGUAGE_STANDARD = gnu17;
				GCC_OPTIMIZATION_LEVEL = s;
				MACOSX_DEPLOYMENT_TARGET = 14.0;
				MARKETING_VERSION = 1.0.0;
				ONLY_ACTIVE_ARCH = YES;
				SDKROOT = macosx;
				SWIFT_ACTIVE_COMPILATION_CONDITIONS = "DEBUG MACPULSE_SIGNED";
				SWIFT_EMIT_LOC_STRINGS = YES;
				SWIFT_OPTIMIZATION_LEVEL = "-Onone";
				SWIFT_STRICT_CONCURRENCY = targeted;
				SWIFT_VERSION = 5.0;
			};
			name = "Signed Debug";
		};
		8163743390496061AF464755 /* Signed Debug */ = {
			isa = XCBuildConfiguration;
			buildSettings = {
				APPLICATION_EXTENSION_API_ONLY = YES;
				CLANG_ENABLE_MODULES = YES;
				CLANG_ENABLE_OBJC_ARC = YES;
				CODE_SIGNING_ALLOWED = YES;
				CODE_SIGN_ENTITLEMENTS = Sources/Widget/MacPulseWidget.entitlements;
				CODE_SIGN_IDENTITY = "Apple Development";
				CODE_SIGN_STYLE = Automatic;
				COMBINE_HIDPI_IMAGES = YES;
				CURRENT_PROJECT_VERSION = 1;
				DEBUG_INFORMATION_FORMAT = "dwarf-with-dsym";
				DEVELOPMENT_TEAM = 8248P3FBTK;
				ENABLE_DEBUG_DYLIB = NO;
				ENABLE_HARDENED_RUNTIME = YES;
				ENABLE_TESTABILITY = YES;
				ENABLE_USER_SCRIPT_SANDBOXING = YES;
				GCC_C_LANGUAGE_STANDARD = gnu17;
				GCC_OPTIMIZATION_LEVEL = s;
				GENERATE_INFOPLIST_FILE = YES;
				INFOPLIST_FILE = Sources/Widget/Info.plist;
				LD_RUNPATH_SEARCH_PATHS = (
					"$(inherited)",
					"@executable_path/../Frameworks",
					"@executable_path/../../../../Frameworks",
				);
				MACOSX_DEPLOYMENT_TARGET = 14.0;
				MARKETING_VERSION = 1.0.0;
				ONLY_ACTIVE_ARCH = YES;
				PRODUCT_BUNDLE_IDENTIFIER = local.macpulse.MacPulse.Widget;
				PRODUCT_NAME = "$(TARGET_NAME)";
				SDKROOT = macosx;
				SKIP_INSTALL = YES;
				SWIFT_ACTIVE_COMPILATION_CONDITIONS = "DEBUG MACPULSE_SIGNED";
				SWIFT_EMIT_LOC_STRINGS = YES;
				SWIFT_OPTIMIZATION_LEVEL = "-Onone";
				SWIFT_STRICT_CONCURRENCY = targeted;
				SWIFT_VERSION = 5.0;
			};
			name = "Signed Debug";
		};
		89E1FD6268CC0F221A2BE178 /* Debug */ = {
			isa = XCBuildConfiguration;
			buildSettings = {
				CLANG_ENABLE_MODULES = YES;
				CLANG_ENABLE_OBJC_ARC = YES;
				CODE_SIGNING_ALLOWED = YES;
				CODE_SIGN_IDENTITY = "-";
				CODE_SIGN_STYLE = Manual;
				COMBINE_HIDPI_IMAGES = YES;
				CURRENT_PROJECT_VERSION = 1;
				DEBUG_INFORMATION_FORMAT = dwarf;
				ENABLE_DEBUG_DYLIB = NO;
				ENABLE_TESTABILITY = YES;
				ENABLE_USER_SCRIPT_SANDBOXING = YES;
				GCC_C_LANGUAGE_STANDARD = gnu17;
				GCC_OPTIMIZATION_LEVEL = 0;
				MACOSX_DEPLOYMENT_TARGET = 14.0;
				MARKETING_VERSION = 1.0.0;
				ONLY_ACTIVE_ARCH = YES;
				SDKROOT = macosx;
				SWIFT_ACTIVE_COMPILATION_CONDITIONS = DEBUG;
				SWIFT_EMIT_LOC_STRINGS = YES;
				SWIFT_OPTIMIZATION_LEVEL = "-Onone";
				SWIFT_STRICT_CONCURRENCY = targeted;
				SWIFT_VERSION = 5.0;
			};
			name = Debug;
		};
		98DF37DBC4A7DD121D3507FF /* Debug */ = {
			isa = XCBuildConfiguration;
			buildSettings = {
				APPLICATION_EXTENSION_API_ONLY = YES;
				CLANG_ENABLE_MODULES = YES;
				CLANG_ENABLE_OBJC_ARC = YES;
				CODE_SIGNING_ALLOWED = YES;
				CODE_SIGN_ENTITLEMENTS = Sources/Widget/Local.entitlements;
				CODE_SIGN_IDENTITY = "-";
				CODE_SIGN_STYLE = Manual;
				COMBINE_HIDPI_IMAGES = YES;
				CURRENT_PROJECT_VERSION = 1;
				DEBUG_INFORMATION_FORMAT = dwarf;
				ENABLE_DEBUG_DYLIB = NO;
				ENABLE_HARDENED_RUNTIME = YES;
				ENABLE_TESTABILITY = YES;
				ENABLE_USER_SCRIPT_SANDBOXING = YES;
				GCC_C_LANGUAGE_STANDARD = gnu17;
				GCC_OPTIMIZATION_LEVEL = 0;
				GENERATE_INFOPLIST_FILE = YES;
				INFOPLIST_FILE = Sources/Widget/Info.plist;
				LD_RUNPATH_SEARCH_PATHS = (
					"$(inherited)",
					"@executable_path/../Frameworks",
					"@executable_path/../../../../Frameworks",
				);
				MACOSX_DEPLOYMENT_TARGET = 14.0;
				MARKETING_VERSION = 1.0.0;
				ONLY_ACTIVE_ARCH = YES;
				PRODUCT_BUNDLE_IDENTIFIER = local.macpulse.MacPulse.Widget;
				PRODUCT_NAME = "$(TARGET_NAME)";
				SDKROOT = macosx;
				SKIP_INSTALL = YES;
				SWIFT_ACTIVE_COMPILATION_CONDITIONS = DEBUG;
				SWIFT_EMIT_LOC_STRINGS = YES;
				SWIFT_OPTIMIZATION_LEVEL = "-Onone";
				SWIFT_STRICT_CONCURRENCY = targeted;
				SWIFT_VERSION = 5.0;
			};
			name = Debug;
		};
		BF2758E94D23803B468F72EC /* Signed Debug */ = {
			isa = XCBuildConfiguration;
			buildSettings = {
				BUNDLE_LOADER = "$(TEST_HOST)";
				CLANG_ENABLE_MODULES = YES;
				CLANG_ENABLE_OBJC_ARC = YES;
				CODE_SIGNING_ALLOWED = YES;
				CODE_SIGN_IDENTITY = "Apple Development";
				CODE_SIGN_STYLE = Automatic;
				COMBINE_HIDPI_IMAGES = YES;
				CURRENT_PROJECT_VERSION = 1;
				DEBUG_INFORMATION_FORMAT = "dwarf-with-dsym";
				ENABLE_DEBUG_DYLIB = NO;
				ENABLE_HARDENED_RUNTIME = NO;
				ENABLE_TESTABILITY = YES;
				ENABLE_USER_SCRIPT_SANDBOXING = YES;
				GCC_C_LANGUAGE_STANDARD = gnu17;
				GCC_OPTIMIZATION_LEVEL = s;
				GENERATE_INFOPLIST_FILE = YES;
				LD_RUNPATH_SEARCH_PATHS = (
					"$(inherited)",
					"@executable_path/../Frameworks",
				);
				MACOSX_DEPLOYMENT_TARGET = 14.0;
				MARKETING_VERSION = 1.0.0;
				ONLY_ACTIVE_ARCH = YES;
				PRODUCT_BUNDLE_IDENTIFIER = local.macpulse.MacPulseTests;
				PRODUCT_NAME = "$(TARGET_NAME)";
				SDKROOT = macosx;
				SWIFT_ACTIVE_COMPILATION_CONDITIONS = "DEBUG MACPULSE_SIGNED";
				SWIFT_EMIT_LOC_STRINGS = YES;
				SWIFT_OBJC_BRIDGING_HEADER = Sources/PrivateSensors/MPNativeSensors.h;
				SWIFT_OPTIMIZATION_LEVEL = "-Onone";
				SWIFT_STRICT_CONCURRENCY = targeted;
				SWIFT_VERSION = 5.0;
				TEST_HOST = "$(BUILT_PRODUCTS_DIR)/MacPulse.app/Contents/MacOS/MacPulse";
			};
			name = "Signed Debug";
		};
		DB5C8018A2EC35634A551935 /* Signed Debug */ = {
			isa = XCBuildConfiguration;
			buildSettings = {
				CLANG_ENABLE_MODULES = YES;
				CLANG_ENABLE_OBJC_ARC = YES;
				CODE_SIGNING_ALLOWED = YES;
				CODE_SIGN_ENTITLEMENTS = Sources/MacPulse/MacPulse.entitlements;
				CODE_SIGN_IDENTITY = "Apple Development";
				CODE_SIGN_STYLE = Automatic;
				COMBINE_HIDPI_IMAGES = YES;
				CURRENT_PROJECT_VERSION = 1;
				DEBUG_INFORMATION_FORMAT = "dwarf-with-dsym";
				DEVELOPMENT_TEAM = 8248P3FBTK;
				ENABLE_DEBUG_DYLIB = NO;
				ENABLE_HARDENED_RUNTIME = YES;
				ENABLE_TESTABILITY = YES;
				ENABLE_USER_SCRIPT_SANDBOXING = YES;
				GCC_C_LANGUAGE_STANDARD = gnu17;
				GCC_OPTIMIZATION_LEVEL = s;
				GENERATE_INFOPLIST_FILE = YES;
				INFOPLIST_FILE = Sources/MacPulse/Info.plist;
				INFOPLIST_KEY_CFBundleDisplayName = MacPulse;
				INFOPLIST_KEY_CFBundleIconFile = MacPulse;
				INFOPLIST_KEY_LSApplicationCategoryType = "public.app-category.utilities";
				INFOPLIST_KEY_NSPrincipalClass = NSApplication;
				LD_RUNPATH_SEARCH_PATHS = (
					"$(inherited)",
					"@executable_path/../Frameworks",
				);
				MACOSX_DEPLOYMENT_TARGET = 14.0;
				MARKETING_VERSION = 1.0.0;
				ONLY_ACTIVE_ARCH = YES;
				PRODUCT_BUNDLE_IDENTIFIER = local.macpulse.MacPulse;
				PRODUCT_NAME = "$(TARGET_NAME)";
				SDKROOT = macosx;
				SWIFT_ACTIVE_COMPILATION_CONDITIONS = "DEBUG MACPULSE_SIGNED";
				SWIFT_EMIT_LOC_STRINGS = YES;
				SWIFT_OBJC_BRIDGING_HEADER = Sources/PrivateSensors/MPNativeSensors.h;
				SWIFT_OPTIMIZATION_LEVEL = "-Onone";
				SWIFT_STRICT_CONCURRENCY = targeted;
				SWIFT_VERSION = 5.0;
			};
			name = "Signed Debug";
		};
		DB9E73E6F5DC912E5D7FFC13 /* Debug */ = {
			isa = XCBuildConfiguration;
			buildSettings = {
				CLANG_ENABLE_MODULES = YES;
				CLANG_ENABLE_OBJC_ARC = YES;
				CODE_SIGNING_ALLOWED = YES;
				CODE_SIGN_ENTITLEMENTS = Sources/MacPulse/Local.entitlements;
				CODE_SIGN_IDENTITY = "-";
				CODE_SIGN_STYLE = Manual;
				COMBINE_HIDPI_IMAGES = YES;
				CURRENT_PROJECT_VERSION = 1;
				DEBUG_INFORMATION_FORMAT = dwarf;
				ENABLE_DEBUG_DYLIB = NO;
				ENABLE_HARDENED_RUNTIME = YES;
				ENABLE_TESTABILITY = YES;
				ENABLE_USER_SCRIPT_SANDBOXING = YES;
				GCC_C_LANGUAGE_STANDARD = gnu17;
				GCC_OPTIMIZATION_LEVEL = 0;
				GENERATE_INFOPLIST_FILE = YES;
				INFOPLIST_FILE = Sources/MacPulse/Info.plist;
				INFOPLIST_KEY_CFBundleDisplayName = MacPulse;
				INFOPLIST_KEY_CFBundleIconFile = MacPulse;
				INFOPLIST_KEY_LSApplicationCategoryType = "public.app-category.utilities";
				INFOPLIST_KEY_NSPrincipalClass = NSApplication;
				LD_RUNPATH_SEARCH_PATHS = (
					"$(inherited)",
					"@executable_path/../Frameworks",
				);
				MACOSX_DEPLOYMENT_TARGET = 14.0;
				MARKETING_VERSION = 1.0.0;
				ONLY_ACTIVE_ARCH = YES;
				PRODUCT_BUNDLE_IDENTIFIER = local.macpulse.MacPulse;
				PRODUCT_NAME = "$(TARGET_NAME)";
				SDKROOT = macosx;
				SWIFT_ACTIVE_COMPILATION_CONDITIONS = DEBUG;
				SWIFT_EMIT_LOC_STRINGS = YES;
				SWIFT_OBJC_BRIDGING_HEADER = Sources/PrivateSensors/MPNativeSensors.h;
				SWIFT_OPTIMIZATION_LEVEL = "-Onone";
				SWIFT_STRICT_CONCURRENCY = targeted;
				SWIFT_VERSION = 5.0;
			};
			name = Debug;
		};
		E46A9CBBCF4D25F4B922413A /* Release */ = {
			isa = XCBuildConfiguration;
			buildSettings = {
				BUNDLE_LOADER = "$(TEST_HOST)";
				CLANG_ENABLE_MODULES = YES;
				CLANG_ENABLE_OBJC_ARC = YES;
				CODE_SIGNING_ALLOWED = YES;
				CODE_SIGN_IDENTITY = "-";
				CODE_SIGN_STYLE = Manual;
				COMBINE_HIDPI_IMAGES = YES;
				CURRENT_PROJECT_VERSION = 1;
				DEBUG_INFORMATION_FORMAT = "dwarf-with-dsym";
				ENABLE_DEBUG_DYLIB = NO;
				ENABLE_HARDENED_RUNTIME = NO;
				ENABLE_TESTABILITY = YES;
				ENABLE_USER_SCRIPT_SANDBOXING = YES;
				GCC_C_LANGUAGE_STANDARD = gnu17;
				GCC_OPTIMIZATION_LEVEL = s;
				GENERATE_INFOPLIST_FILE = YES;
				LD_RUNPATH_SEARCH_PATHS = (
					"$(inherited)",
					"@executable_path/../Frameworks",
				);
				MACOSX_DEPLOYMENT_TARGET = 14.0;
				MARKETING_VERSION = 1.0.0;
				ONLY_ACTIVE_ARCH = NO;
				PRODUCT_BUNDLE_IDENTIFIER = local.macpulse.MacPulseTests;
				PRODUCT_NAME = "$(TARGET_NAME)";
				SDKROOT = macosx;
				SWIFT_ACTIVE_COMPILATION_CONDITIONS = "";
				SWIFT_EMIT_LOC_STRINGS = YES;
				SWIFT_OBJC_BRIDGING_HEADER = Sources/PrivateSensors/MPNativeSensors.h;
				SWIFT_OPTIMIZATION_LEVEL = "-O";
				SWIFT_STRICT_CONCURRENCY = targeted;
				SWIFT_VERSION = 5.0;
				TEST_HOST = "$(BUILT_PRODUCTS_DIR)/MacPulse.app/Contents/MacOS/MacPulse";
			};
			name = Release;
		};
		E6DE6C99132752C914FEF632 /* Release */ = {
			isa = XCBuildConfiguration;
			buildSettings = {
				CLANG_ENABLE_MODULES = YES;
				CLANG_ENABLE_OBJC_ARC = YES;
				CODE_SIGNING_ALLOWED = YES;
				CODE_SIGN_IDENTITY = "-";
				CODE_SIGN_STYLE = Manual;
				COMBINE_HIDPI_IMAGES = YES;
				CURRENT_PROJECT_VERSION = 1;
				DEBUG_INFORMATION_FORMAT = "dwarf-with-dsym";
				ENABLE_DEBUG_DYLIB = NO;
				ENABLE_TESTABILITY = YES;
				ENABLE_USER_SCRIPT_SANDBOXING = YES;
				GCC_C_LANGUAGE_STANDARD = gnu17;
				GCC_OPTIMIZATION_LEVEL = s;
				MACOSX_DEPLOYMENT_TARGET = 14.0;
				MARKETING_VERSION = 1.0.0;
				ONLY_ACTIVE_ARCH = NO;
				SDKROOT = macosx;
				SWIFT_ACTIVE_COMPILATION_CONDITIONS = "";
				SWIFT_EMIT_LOC_STRINGS = YES;
				SWIFT_OPTIMIZATION_LEVEL = "-O";
				SWIFT_STRICT_CONCURRENCY = targeted;
				SWIFT_VERSION = 5.0;
			};
			name = Release;
		};
/* End XCBuildConfiguration section */

/* Begin XCConfigurationList section */
		2C167D71EBFFB74A45B78249 /* Build configuration list for PBXNativeTarget "MacPulseTests" */ = {
			isa = XCConfigurationList;
			buildConfigurations = (
				302AA4631496F9467FD339DF /* Debug */,
				E46A9CBBCF4D25F4B922413A /* Release */,
				BF2758E94D23803B468F72EC /* Signed Debug */,
			);
			defaultConfigurationIsVisible = 0;
			defaultConfigurationName = Release;
		};
		46DC10C63768291538391986 /* Build configuration list for PBXNativeTarget "MacPulseWidget" */ = {
			isa = XCConfigurationList;
			buildConfigurations = (
				98DF37DBC4A7DD121D3507FF /* Debug */,
				4AC9A98F969FFE82F604A5D7 /* Release */,
				8163743390496061AF464755 /* Signed Debug */,
			);
			defaultConfigurationIsVisible = 0;
			defaultConfigurationName = Release;
		};
		862894B703A6DEDF96A9DD6C /* Build configuration list for PBXProject "MacPulse" */ = {
			isa = XCConfigurationList;
			buildConfigurations = (
				89E1FD6268CC0F221A2BE178 /* Debug */,
				E6DE6C99132752C914FEF632 /* Release */,
				6E84B02088F6ED3FFCDB7030 /* Signed Debug */,
			);
			defaultConfigurationIsVisible = 0;
			defaultConfigurationName = Release;
		};
		DEDD91037AB1BA3C5405E781 /* Build configuration list for PBXNativeTarget "MacPulse" */ = {
			isa = XCConfigurationList;
			buildConfigurations = (
				DB9E73E6F5DC912E5D7FFC13 /* Debug */,
				1DFD5EF4BB27F9D2C770B77F /* Release */,
				DB5C8018A2EC35634A551935 /* Signed Debug */,
			);
			defaultConfigurationIsVisible = 0;
			defaultConfigurationName = Release;
		};
/* End XCConfigurationList section */
	};
	rootObject = 98F54143AB4E86B28C3AFEE0 /* Project object */;
}
